
Microsoft Visual Studio Solution File, Format Version 12.00
# Visual Studio 15
VisualStudioVersion = 15.0.28307.421
MinimumVisualStudioVersion = 10.0.40219.1
Project("{FAE04EC0-301F-11D3-BF4B-00C04F79EFBC}") = "S00190492_Creche", "S00190492_Creche\S00190492_Creche.csproj", "{ED49EEC4-AFEA-4108-A934-B53EF90D94DA}"
EndProject
Global
	GlobalSection(SolutionConfigurationPlatforms) = preSolution
		Debug|Any CPU = Debug|Any CPU
		Release|Any CPU = Release|Any CPU
	EndGlobalSection
	GlobalSection(ProjectConfigurationPlatforms) = postSolution
		{ED49EEC4-AFEA-4108-A934-B53EF90D94DA}.Debug|Any CPU.ActiveCfg = Debug|Any CPU
		{ED49EEC4-AFEA-4108-A934-B53EF90D94DA}.Debug|Any CPU.Build.0 = Debug|Any CPU
		{ED49EEC4-AFEA-4108-A934-B53EF90D94DA}.Release|Any CPU.ActiveCfg = Release|Any CPU
		{ED49EEC4-AFEA-4108-A934-B53EF90D94DA}.Release|Any CPU.Build.0 = Release|Any CPU
	EndGlobalSection
	GlobalSection(SolutionProperties) = preSolution
		HideSolutionNode = FALSE
	EndGlobalSection
	GlobalSection(ExtensibilityGlobals) = postSolution
		SolutionGuid = {56C81CD6-9048-49DB-815A-32AF2E48947D}
	EndGlobalSection
EndGlobal
